
Microsoft Visual Studio Solution File, Format Version 12.00
# Visual Studio Version 17
VisualStudioVersion = 17.14.36109.1
MinimumVisualStudioVersion = 10.0.40219.1
Project("{FAE04EC0-301F-11D3-BF4B-00C04F79EFBC}") = "ProductCatalog.Api", "src\ProductCatalog.Api\ProductCatalog.Api\ProductCatalog.Api.csproj", "{CAD813E7-7D31-4B38-BA31-527BF6C6C8C5}"
EndProject
Project("{FAE04EC0-301F-11D3-BF4B-00C04F79EFBC}") = "ProductCatalog.Domain", "src\ProductCatalog.Domain\ProductCatalog.Domain.csproj", "{2102FD3C-B512-4F45-B80E-13F6018B0380}"
EndProject
Project("{FAE04EC0-301F-11D3-BF4B-00C04F79EFBC}") = "ProductCatalog.Infrastructure", "src\ProductCatalog.Infrastructure\ProductCatalog.Infrastructure.csproj", "{1B6C4419-E57B-42C5-8C2C-17F787D1CCF3}"
EndProject
Project("{FAE04EC0-301F-11D3-BF4B-00C04F79EFBC}") = "ProductCatalog.Application", "src\ProductCatalog.Application\ProductCatalog.Application.csproj", "{079671A9-856A-8217-A03D-31087244FB28}"
EndProject
Project("{2150E333-8FDC-42A3-9474-1A3956D46DE8}") = "src", "src", "{02EA681E-C7D8-13C7-8484-4AC65E1B71E8}"
EndProject
Project("{2150E333-8FDC-42A3-9474-1A3956D46DE8}") = "tests", "tests", "{4114C5B4-2AE1-4004-AF55-6B54E0B72204}"
EndProject
Project("{FAE04EC0-301F-11D3-BF4B-00C04F79EFBC}") = "ProductsCatalog.Application.UnitTests", "tests\ProductsCatalog.Application.UnitTests\ProductsCatalog.Application.UnitTests.csproj", "{C67640B2-E6F2-4CDC-9ACA-D6EF3C6A3042}"
EndProject
Project("{FAE04EC0-301F-11D3-BF4B-00C04F79EFBC}") = "ProductCatalog.Domain.UnitTests", "tests\ProductCatalog.Domain.UnitTests\ProductCatalog.Domain.UnitTests.csproj", "{FD4F9FE4-EA2E-469B-8D41-853E0EEB7D6D}"
EndProject
Global
	GlobalSection(SolutionConfigurationPlatforms) = preSolution
		Debug|Any CPU = Debug|Any CPU
		Release|Any CPU = Release|Any CPU
	EndGlobalSection
	GlobalSection(ProjectConfigurationPlatforms) = postSolution
		{CAD813E7-7D31-4B38-BA31-527BF6C6C8C5}.Debug|Any CPU.ActiveCfg = Debug|Any CPU
		{CAD813E7-7D31-4B38-BA31-527BF6C6C8C5}.Debug|Any CPU.Build.0 = Debug|Any CPU
		{CAD813E7-7D31-4B38-BA31-527BF6C6C8C5}.Release|Any CPU.ActiveCfg = Release|Any CPU
		{CAD813E7-7D31-4B38-BA31-527BF6C6C8C5}.Release|Any CPU.Build.0 = Release|Any CPU
		{2102FD3C-B512-4F45-B80E-13F6018B0380}.Debug|Any CPU.ActiveCfg = Debug|Any CPU
		{2102FD3C-B512-4F45-B80E-13F6018B0380}.Debug|Any CPU.Build.0 = Debug|Any CPU
		{2102FD3C-B512-4F45-B80E-13F6018B0380}.Release|Any CPU.ActiveCfg = Release|Any CPU
		{2102FD3C-B512-4F45-B80E-13F6018B0380}.Release|Any CPU.Build.0 = Release|Any CPU
		{1B6C4419-E57B-42C5-8C2C-17F787D1CCF3}.Debug|Any CPU.ActiveCfg = Debug|Any CPU
		{1B6C4419-E57B-42C5-8C2C-17F787D1CCF3}.Debug|Any CPU.Build.0 = Debug|Any CPU
		{1B6C4419-E57B-42C5-8C2C-17F787D1CCF3}.Release|Any CPU.ActiveCfg = Release|Any CPU
		{1B6C4419-E57B-42C5-8C2C-17F787D1CCF3}.Release|Any CPU.Build.0 = Release|Any CPU
		{079671A9-856A-8217-A03D-31087244FB28}.Debug|Any CPU.ActiveCfg = Debug|Any CPU
		{079671A9-856A-8217-A03D-31087244FB28}.Debug|Any CPU.Build.0 = Debug|Any CPU
		{079671A9-856A-8217-A03D-31087244FB28}.Release|Any CPU.ActiveCfg = Release|Any CPU
		{079671A9-856A-8217-A03D-31087244FB28}.Release|Any CPU.Build.0 = Release|Any CPU
		{C67640B2-E6F2-4CDC-9ACA-D6EF3C6A3042}.Debug|Any CPU.ActiveCfg = Debug|Any CPU
		{C67640B2-E6F2-4CDC-9ACA-D6EF3C6A3042}.Debug|Any CPU.Build.0 = Debug|Any CPU
		{C67640B2-E6F2-4CDC-9ACA-D6EF3C6A3042}.Release|Any CPU.ActiveCfg = Release|Any CPU
		{C67640B2-E6F2-4CDC-9ACA-D6EF3C6A3042}.Release|Any CPU.Build.0 = Release|Any CPU
		{FD4F9FE4-EA2E-469B-8D41-853E0EEB7D6D}.Debug|Any CPU.ActiveCfg = Debug|Any CPU
		{FD4F9FE4-EA2E-469B-8D41-853E0EEB7D6D}.Debug|Any CPU.Build.0 = Debug|Any CPU
		{FD4F9FE4-EA2E-469B-8D41-853E0EEB7D6D}.Release|Any CPU.ActiveCfg = Release|Any CPU
		{FD4F9FE4-EA2E-469B-8D41-853E0EEB7D6D}.Release|Any CPU.Build.0 = Release|Any CPU
	EndGlobalSection
	GlobalSection(SolutionProperties) = preSolution
		HideSolutionNode = FALSE
	EndGlobalSection
	GlobalSection(NestedProjects) = preSolution
		{CAD813E7-7D31-4B38-BA31-527BF6C6C8C5} = {02EA681E-C7D8-13C7-8484-4AC65E1B71E8}
		{2102FD3C-B512-4F45-B80E-13F6018B0380} = {02EA681E-C7D8-13C7-8484-4AC65E1B71E8}
		{1B6C4419-E57B-42C5-8C2C-17F787D1CCF3} = {02EA681E-C7D8-13C7-8484-4AC65E1B71E8}
		{079671A9-856A-8217-A03D-31087244FB28} = {02EA681E-C7D8-13C7-8484-4AC65E1B71E8}
		{C67640B2-E6F2-4CDC-9ACA-D6EF3C6A3042} = {4114C5B4-2AE1-4004-AF55-6B54E0B72204}
		{FD4F9FE4-EA2E-469B-8D41-853E0EEB7D6D} = {4114C5B4-2AE1-4004-AF55-6B54E0B72204}
	EndGlobalSection
	GlobalSection(ExtensibilityGlobals) = postSolution
		SolutionGuid = {17621912-0ECA-4CBE-8BAB-D302BA3D0331}
	EndGlobalSection
EndGlobal
